{
  "name": "retail-management",
  "version": "0.1.0",
  "lockfileVersion": 2,
  "requires": true,
  "packages": {
    "": {
      "name": "retail-management",
      "version": "0.1.0",
      "dependencies": {
        "@testing-library/jest-dom": "^5.11.9",
        "@testing-library/react": "^11.2.5",
        "@testing-library/user-event": "^12.7.2",
        "cuid": "^2.1.8",
        "firebase": "^9.14.0",
        "gh-pages": "^4.0.0",
        "react": "^18.0.0",
        "react-dom": "^18.0.0",
        "react-dropzone": "^14.2.3",
        "react-router-dom": "^5.2.0",
        "react-scripts": "^5.0.1",
        "uid": "^2.0.1",
        "web-vitals": "^1.1.0"
      },
      "devDependencies": {
        "@types/dropzone": "^5.7.4"
      }
    },
    "node_modules/@adobe/css-tools": {
      "version": "4.0.1",
      "resolved": "https://registry.npmjs.org/@adobe/css-tools/-/css-tools-4.0.1.tgz",
      "integrity": "sha512-+u76oB43nOHrF4DDWRLWDCtci7f3QJoEBigemIdIeTi1ODqjx6Tad9NCVnPRwewWlKkVab5PlK8DCtPTyX7S8g=="
    },
    "node_modules/@ampproject/remapping": {
      "version": "2.2.0",
      "resolved": "https://registry.npmjs.org/@ampproject/remapping/-/remapping-2.2.0.tgz",
      "integrity": "sha512-qRmjj8nj9qmLTQXXmaR1cck3UXSRMPrbsLJAasZpF+t3riI71BXed5ebIOYwQntykeZuhjsdweEc9BxH5Jc26w==",
      "dependencies": {
        "@jridgewell/gen-mapping": "^0.1.0",
        "@jridgewell/trace-mapping": "^0.3.9"
      },
      "engines": {
        "node": ">=6.0.0"
      }
    },
    "yocto-queue": {
      "version": "0.1.0",
      "resolved": "https://registry.npmjs.org/yocto-queue/-/yocto-queue-0.1.0.tgz",
      "integrity": "sha512-rVksvsnNCdJ/ohGc6xgPwyN8eheCxsiLM8mxuE/t/mOVqJewPuO1miLpTHQiRgTKCLexL4MeAFVagts7HmNZ2Q=="
    }
  }
}
